
Microsoft Visual Studio Solution File, Format Version 12.00
# Visual Studio Version 17
VisualStudioVersion = 17.10.35027.167
MinimumVisualStudioVersion = 10.0.40219.1
Project("{FAE04EC0-301F-11D3-BF4B-00C04F79EFBC}") = "SistemaInventarioWeb", "SistemaInventarioWeb\SistemaInventarioWeb.csproj", "{626D43A2-A6E9-4429-B8E5-1FFB3635641D}"
EndProject
Global
	GlobalSection(SolutionConfigurationPlatforms) = preSolution
		Debug|Any CPU = Debug|Any CPU
		Release|Any CPU = Release|Any CPU
	EndGlobalSection
	GlobalSection(ProjectConfigurationPlatforms) = postSolution
		{626D43A2-A6E9-4429-B8E5-1FFB3635641D}.Debug|Any CPU.ActiveCfg = Debug|Any CPU
		{626D43A2-A6E9-4429-B8E5-1FFB3635641D}.Debug|Any CPU.Build.0 = Debug|Any CPU
		{626D43A2-A6E9-4429-B8E5-1FFB3635641D}.Release|Any CPU.ActiveCfg = Release|Any CPU
		{626D43A2-A6E9-4429-B8E5-1FFB3635641D}.Release|Any CPU.Build.0 = Release|Any CPU
	EndGlobalSection
	GlobalSection(SolutionProperties) = preSolution
		HideSolutionNode = FALSE
	EndGlobalSection
	GlobalSection(ExtensibilityGlobals) = postSolution
		SolutionGuid = {1AA9D567-6407-4F38-8C4F-CD85C4DBDC5F}
	EndGlobalSection
EndGlobal
